// !$*UTF8*$!
{
	archiveVersion = 1;
	classes = {
	};
	objectVersion = 56;
	objects = {

/* Begin PBXBuildFile section */
		B00000000000000000000001 /* GoosegrassApp.swift in Sources */ = {isa = PBXBuildFile; fileRef = C00000000000000000000001 /* GoosegrassApp.swift */; };
		B00000000000000000000002 /* ContentView.swift in Sources */ = {isa = PBXBuildFile; fileRef = C00000000000000000000002 /* ContentView.swift */; };
		B00000000000000000000003 /* Assets.xcassets in Resources */ = {isa = PBXBuildFile; fileRef = C00000000000000000000003 /* Assets.xcassets */; };
		B00000000000000000000004 /* Preview Assets.xcassets in Resources */ = {isa = PBXBuildFile; fileRef = C00000000000000000000004 /* Preview Assets.xcassets */; };
		B00000000000000000000005 /* DomainModelTests.swift in Sources */ = {isa = PBXBuildFile; fileRef = C00000000000000000000007 /* DomainModelTests.swift */; };
		B00000000000000000000006 /* DomainEnums.swift in Sources */ = {isa = PBXBuildFile; fileRef = C00000000000000000000008 /* DomainEnums.swift */; };
		B00000000000000000000007 /* DomainModels.swift in Sources */ = {isa = PBXBuildFile; fileRef = C00000000000000000000009 /* DomainModels.swift */; };
		B00000000000000000000008 /* DomainRulesTests.swift in Sources */ = {isa = PBXBuildFile; fileRef = C0000000000000000000000A /* DomainRulesTests.swift */; };
		B00000000000000000000009 /* PhoneNormalizer.swift in Sources */ = {isa = PBXBuildFile; fileRef = C0000000000000000000000B /* PhoneNormalizer.swift */; };
		B0000000000000000000000A /* AppointmentValidator.swift in Sources */ = {isa = PBXBuildFile; fileRef = C0000000000000000000000C /* AppointmentValidator.swift */; };
		B0000000000000000000000B /* CustomerRepository.swift in Sources */ = {isa = PBXBuildFile; fileRef = C0000000000000000000000D /* CustomerRepository.swift */; };
		B0000000000000000000000C /* AppointmentRepository.swift in Sources */ = {isa = PBXBuildFile; fileRef = C0000000000000000000000E /* AppointmentRepository.swift */; };
		B0000000000000000000000D /* CustomerService.swift in Sources */ = {isa = PBXBuildFile; fileRef = C0000000000000000000000F /* CustomerService.swift */; };
		B0000000000000000000000E /* AppointmentService.swift in Sources */ = {isa = PBXBuildFile; fileRef = C00000000000000000000010 /* AppointmentService.swift */; };
		B0000000000000000000000F /* PersistenceSchemaV1.swift in Sources */ = {isa = PBXBuildFile; fileRef = C00000000000000000000011 /* PersistenceSchemaV1.swift */; };
		B00000000000000000000010 /* GoosegrassMigrationPlan.swift in Sources */ = {isa = PBXBuildFile; fileRef = C00000000000000000000012 /* GoosegrassMigrationPlan.swift */; };
		B00000000000000000000011 /* PersistenceMapper.swift in Sources */ = {isa = PBXBuildFile; fileRef = C00000000000000000000013 /* PersistenceMapper.swift */; };
		B00000000000000000000012 /* LocalCustomerRepository.swift in Sources */ = {isa = PBXBuildFile; fileRef = C00000000000000000000014 /* LocalCustomerRepository.swift */; };
		B00000000000000000000013 /* LocalAppointmentRepository.swift in Sources */ = {isa = PBXBuildFile; fileRef = C00000000000000000000015 /* LocalAppointmentRepository.swift */; };
		B00000000000000000000014 /* PersistenceController.swift in Sources */ = {isa = PBXBuildFile; fileRef = C00000000000000000000016 /* PersistenceController.swift */; };
		B00000000000000000000015 /* PersistenceSchemaTests.swift in Sources */ = {isa = PBXBuildFile; fileRef = C00000000000000000000017 /* PersistenceSchemaTests.swift */; };
		B00000000000000000000016 /* PersistenceRepositoryTests.swift in Sources */ = {isa = PBXBuildFile; fileRef = C00000000000000000000018 /* PersistenceRepositoryTests.swift */; };
		B00000000000000000000017 /* PersistenceLifecycleTests.swift in Sources */ = {isa = PBXBuildFile; fileRef = C00000000000000000000019 /* PersistenceLifecycleTests.swift */; };
		B00000000000000000000018 /* CustomerPresentation.swift in Sources */ = {isa = PBXBuildFile; fileRef = C0000000000000000000001A /* CustomerPresentation.swift */; };
		B00000000000000000000019 /* CustomerEditorDraft.swift in Sources */ = {isa = PBXBuildFile; fileRef = C0000000000000000000001B /* CustomerEditorDraft.swift */; };
		B0000000000000000000001A /* CustomerListViewModel.swift in Sources */ = {isa = PBXBuildFile; fileRef = C0000000000000000000001C /* CustomerListViewModel.swift */; };
		B0000000000000000000001B /* CustomersView.swift in Sources */ = {isa = PBXBuildFile; fileRef = C0000000000000000000001D /* CustomersView.swift */; };
		B0000000000000000000001C /* CustomerEditorView.swift in Sources */ = {isa = PBXBuildFile; fileRef = C0000000000000000000001E /* CustomerEditorView.swift */; };
		B0000000000000000000001D /* CustomerDetailView.swift in Sources */ = {isa = PBXBuildFile; fileRef = C0000000000000000000001F /* CustomerDetailView.swift */; };
		B0000000000000000000001E /* DuplicateCustomerView.swift in Sources */ = {isa = PBXBuildFile; fileRef = C00000000000000000000020 /* DuplicateCustomerView.swift */; };
		B0000000000000000000001F /* EmptyStateView.swift in Sources */ = {isa = PBXBuildFile; fileRef = C00000000000000000000021 /* EmptyStateView.swift */; };
		B00000000000000000000020 /* CustomerServiceTests.swift in Sources */ = {isa = PBXBuildFile; fileRef = C00000000000000000000022 /* CustomerServiceTests.swift */; };
		B00000000000000000000021 /* CustomerListViewModelTests.swift in Sources */ = {isa = PBXBuildFile; fileRef = C00000000000000000000023 /* CustomerListViewModelTests.swift */; };
		B00000000000000000000022 /* CustomerFeatureCompositionTests.swift in Sources */ = {isa = PBXBuildFile; fileRef = C00000000000000000000024 /* CustomerFeatureCompositionTests.swift */; };
		B00000000000000000000023 /* CustomerAcceptanceTests.swift in Sources */ = {isa = PBXBuildFile; fileRef = C00000000000000000000025 /* CustomerAcceptanceTests.swift */; };
		B00000000000000000000024 /* AppointmentLifecycle.swift in Sources */ = {isa = PBXBuildFile; fileRef = C00000000000000000000026 /* AppointmentLifecycle.swift */; };
		B00000000000000000000025 /* AppointmentPresentation.swift in Sources */ = {isa = PBXBuildFile; fileRef = C00000000000000000000027 /* AppointmentPresentation.swift */; };
		B00000000000000000000026 /* PersistenceSchemaV2.swift in Sources */ = {isa = PBXBuildFile; fileRef = C00000000000000000000028 /* PersistenceSchemaV2.swift */; };
		B00000000000000000000027 /* AppointmentEditorDraft.swift in Sources */ = {isa = PBXBuildFile; fileRef = C00000000000000000000029 /* AppointmentEditorDraft.swift */; };
		B00000000000000000000028 /* AppointmentListViewModel.swift in Sources */ = {isa = PBXBuildFile; fileRef = C0000000000000000000002A /* AppointmentListViewModel.swift */; };
		B00000000000000000000029 /* AppointmentsView.swift in Sources */ = {isa = PBXBuildFile; fileRef = C0000000000000000000002B /* AppointmentsView.swift */; };
		B0000000000000000000002A /* AppointmentEditorView.swift in Sources */ = {isa = PBXBuildFile; fileRef = C0000000000000000000002C /* AppointmentEditorView.swift */; };
		B0000000000000000000002B /* AppointmentDetailView.swift in Sources */ = {isa = PBXBuildFile; fileRef = C0000000000000000000002D /* AppointmentDetailView.swift */; };
		B0000000000000000000002C /* AppointmentLifecycleTests.swift in Sources */ = {isa = PBXBuildFile; fileRef = C0000000000000000000002E /* AppointmentLifecycleTests.swift */; };
		B0000000000000000000002D /* AppointmentServiceLifecycleTests.swift in Sources */ = {isa = PBXBuildFile; fileRef = C0000000000000000000002F /* AppointmentServiceLifecycleTests.swift */; };
		B0000000000000000000002E /* AppointmentRepositoryAggregateTests.swift in Sources */ = {isa = PBXBuildFile; fileRef = C00000000000000000000030 /* AppointmentRepositoryAggregateTests.swift */; };
		B0000000000000000000002F /* AppointmentMigrationTests.swift in Sources */ = {isa = PBXBuildFile; fileRef = C00000000000000000000031 /* AppointmentMigrationTests.swift */; };
		B00000000000000000000030 /* AppointmentListViewModelTests.swift in Sources */ = {isa = PBXBuildFile; fileRef = C00000000000000000000032 /* AppointmentListViewModelTests.swift */; };
		B00000000000000000000031 /* AppointmentFeatureCompositionTests.swift in Sources */ = {isa = PBXBuildFile; fileRef = C00000000000000000000033 /* AppointmentFeatureCompositionTests.swift */; };
		B00000000000000000000032 /* AppointmentAcceptanceTests.swift in Sources */ = {isa = PBXBuildFile; fileRef = C00000000000000000000034 /* AppointmentAcceptanceTests.swift */; };
		B00000000000000000000033 /* TodayPresentation.swift in Sources */ = {isa = PBXBuildFile; fileRef = C00000000000000000000035 /* TodayPresentation.swift */; };
		B00000000000000000000034 /* TodayService.swift in Sources */ = {isa = PBXBuildFile; fileRef = C00000000000000000000036 /* TodayService.swift */; };
		B00000000000000000000035 /* TodayViewModel.swift in Sources */ = {isa = PBXBuildFile; fileRef = C00000000000000000000037 /* TodayViewModel.swift */; };
		B00000000000000000000036 /* TodayView.swift in Sources */ = {isa = PBXBuildFile; fileRef = C00000000000000000000038 /* TodayView.swift */; };
		B00000000000000000000037 /* TodaySummaryCard.swift in Sources */ = {isa = PBXBuildFile; fileRef = C00000000000000000000039 /* TodaySummaryCard.swift */; };
		B00000000000000000000038 /* TodayAggregationTests.swift in Sources */ = {isa = PBXBuildFile; fileRef = C0000000000000000000003A /* TodayAggregationTests.swift */; };
		B00000000000000000000039 /* TodayViewModelTests.swift in Sources */ = {isa = PBXBuildFile; fileRef = C0000000000000000000003B /* TodayViewModelTests.swift */; };
		B0000000000000000000003A /* TodayFeatureCompositionTests.swift in Sources */ = {isa = PBXBuildFile; fileRef = C0000000000000000000003C /* TodayFeatureCompositionTests.swift */; };
		B0000000000000000000003B /* TodayAcceptanceTests.swift in Sources */ = {isa = PBXBuildFile; fileRef = C0000000000000000000003D /* TodayAcceptanceTests.swift */; };
		B0000000000000000000003C /* ReminderCalculator.swift in Sources */ = {isa = PBXBuildFile; fileRef = C0000000000000000000003E /* ReminderCalculator.swift */; };
		B0000000000000000000003D /* NotificationPresentation.swift in Sources */ = {isa = PBXBuildFile; fileRef = C0000000000000000000003F /* NotificationPresentation.swift */; };
		B0000000000000000000003E /* ReminderRepository.swift in Sources */ = {isa = PBXBuildFile; fileRef = C00000000000000000000040 /* ReminderRepository.swift */; };
		B0000000000000000000003F /* ReminderService.swift in Sources */ = {isa = PBXBuildFile; fileRef = C00000000000000000000041 /* ReminderService.swift */; };
		B00000000000000000000040 /* LocalReminderRepository.swift in Sources */ = {isa = PBXBuildFile; fileRef = C00000000000000000000042 /* LocalReminderRepository.swift */; };
		B00000000000000000000041 /* UserNotificationCenterAdapter.swift in Sources */ = {isa = PBXBuildFile; fileRef = C00000000000000000000043 /* UserNotificationCenterAdapter.swift */; };
		B00000000000000000000042 /* ReminderPreferencesStore.swift in Sources */ = {isa = PBXBuildFile; fileRef = C00000000000000000000044 /* ReminderPreferencesStore.swift */; };
		B00000000000000000000043 /* NotificationSettingsViewModel.swift in Sources */ = {isa = PBXBuildFile; fileRef = C00000000000000000000045 /* NotificationSettingsViewModel.swift */; };
		B00000000000000000000044 /* SettingsView.swift in Sources */ = {isa = PBXBuildFile; fileRef = C00000000000000000000046 /* SettingsView.swift */; };
		B00000000000000000000045 /* ReminderCalculatorTests.swift in Sources */ = {isa = PBXBuildFile; fileRef = C00000000000000000000047 /* ReminderCalculatorTests.swift */; };
		B00000000000000000000046 /* ReminderRepositoryTests.swift in Sources */ = {isa = PBXBuildFile; fileRef = C00000000000000000000048 /* ReminderRepositoryTests.swift */; };
		B00000000000000000000047 /* LocalNotificationCenterContractTests.swift in Sources */ = {isa = PBXBuildFile; fileRef = C00000000000000000000049 /* LocalNotificationCenterContractTests.swift */; };
		B00000000000000000000048 /* ReminderServiceTests.swift in Sources */ = {isa = PBXBuildFile; fileRef = C0000000000000000000004A /* ReminderServiceTests.swift */; };
		B00000000000000000000049 /* AppointmentReminderIntegrationTests.swift in Sources */ = {isa = PBXBuildFile; fileRef = C0000000000000000000004B /* AppointmentReminderIntegrationTests.swift */; };
		B0000000000000000000004A /* NotificationSettingsViewModelTests.swift in Sources */ = {isa = PBXBuildFile; fileRef = C0000000000000000000004C /* NotificationSettingsViewModelTests.swift */; };
		B0000000000000000000004B /* NotificationFeatureCompositionTests.swift in Sources */ = {isa = PBXBuildFile; fileRef = C0000000000000000000004D /* NotificationFeatureCompositionTests.swift */; };
		B0000000000000000000004C /* ReminderAcceptanceTests.swift in Sources */ = {isa = PBXBuildFile; fileRef = C0000000000000000000004E /* ReminderAcceptanceTests.swift */; };
		B0000000000000000000004D /* FollowUpSchedule.swift in Sources */ = {isa = PBXBuildFile; fileRef = C0000000000000000000004F /* FollowUpSchedule.swift */; };
		B0000000000000000000004E /* FollowUpLifecycle.swift in Sources */ = {isa = PBXBuildFile; fileRef = C00000000000000000000050 /* FollowUpLifecycle.swift */; };
		B0000000000000000000004F /* FollowUpPresentation.swift in Sources */ = {isa = PBXBuildFile; fileRef = C00000000000000000000051 /* FollowUpPresentation.swift */; };
		B00000000000000000000050 /* NoShowFollowUpRequest.swift in Sources */ = {isa = PBXBuildFile; fileRef = C00000000000000000000052 /* NoShowFollowUpRequest.swift */; };
		B00000000000000000000051 /* FollowUpRepository.swift in Sources */ = {isa = PBXBuildFile; fileRef = C00000000000000000000053 /* FollowUpRepository.swift */; };
		B00000000000000000000052 /* FollowUpService.swift in Sources */ = {isa = PBXBuildFile; fileRef = C00000000000000000000054 /* FollowUpService.swift */; };
		B00000000000000000000053 /* LocalFollowUpRepository.swift in Sources */ = {isa = PBXBuildFile; fileRef = C00000000000000000000055 /* LocalFollowUpRepository.swift */; };
		B00000000000000000000054 /* FollowUpEditorDraft.swift in Sources */ = {isa = PBXBuildFile; fileRef = C00000000000000000000056 /* FollowUpEditorDraft.swift */; };
		B00000000000000000000055 /* FollowUpListViewModel.swift in Sources */ = {isa = PBXBuildFile; fileRef = C00000000000000000000057 /* FollowUpListViewModel.swift */; };
		B00000000000000000000056 /* FollowUpEditorView.swift in Sources */ = {isa = PBXBuildFile; fileRef = C00000000000000000000058 /* FollowUpEditorView.swift */; };
		B00000000000000000000057 /* FollowUpDetailView.swift in Sources */ = {isa = PBXBuildFile; fileRef = C00000000000000000000059 /* FollowUpDetailView.swift */; };
		B00000000000000000000058 /* FollowUpView.swift in Sources */ = {isa = PBXBuildFile; fileRef = C0000000000000000000005A /* FollowUpView.swift */; };
		B00000000000000000000059 /* FollowUpScheduleTests.swift in Sources */ = {isa = PBXBuildFile; fileRef = C0000000000000000000005B /* FollowUpScheduleTests.swift */; };
		B0000000000000000000005A /* FollowUpRepositoryTests.swift in Sources */ = {isa = PBXBuildFile; fileRef = C0000000000000000000005C /* FollowUpRepositoryTests.swift */; };
		B0000000000000000000005B /* FollowUpServiceTests.swift in Sources */ = {isa = PBXBuildFile; fileRef = C0000000000000000000005D /* FollowUpServiceTests.swift */; };
		B0000000000000000000005C /* FollowUpViewModelTests.swift in Sources */ = {isa = PBXBuildFile; fileRef = C0000000000000000000005E /* FollowUpViewModelTests.swift */; };
		B0000000000000000000005D /* FollowUpFeatureCompositionTests.swift in Sources */ = {isa = PBXBuildFile; fileRef = C0000000000000000000005F /* FollowUpFeatureCompositionTests.swift */; };
		B0000000000000000000005E /* FollowUpAcceptanceTests.swift in Sources */ = {isa = PBXBuildFile; fileRef = C00000000000000000000060 /* FollowUpAcceptanceTests.swift */; };
/* End PBXBuildFile section */

/* Begin PBXContainerItemProxy section */
		D00000000000000000000001 /* PBXContainerItemProxy */ = {
			isa = PBXContainerItemProxy;
			containerPortal = E00000000000000000000001 /* Project object */;
			proxyType = 1;
			remoteGlobalIDString = A00000000000000000000001;
			remoteInfo = Goosegrass;
		};
/* End PBXContainerItemProxy section */

/* Begin PBXFileReference section */
		C00000000000000000000001 /* GoosegrassApp.swift */ = {isa = PBXFileReference; lastKnownFileType = sourcecode.swift; path = GoosegrassApp.swift; sourceTree = "<group>"; };
		C00000000000000000000002 /* ContentView.swift */ = {isa = PBXFileReference; lastKnownFileType = sourcecode.swift; path = ContentView.swift; sourceTree = "<group>"; };
		C00000000000000000000003 /* Assets.xcassets */ = {isa = PBXFileReference; lastKnownFileType = folder.assetcatalog; path = Assets.xcassets; sourceTree = "<group>"; };
		C00000000000000000000004 /* Preview Assets.xcassets */ = {isa = PBXFileReference; lastKnownFileType = folder.assetcatalog; path = "Preview Assets.xcassets"; sourceTree = "<group>"; };
		C00000000000000000000005 /* Goosegrass.app */ = {isa = PBXFileReference; explicitFileType = wrapper.application; includeInIndex = 0; path = Goosegrass.app; sourceTree = BUILT_PRODUCTS_DIR; };
		C00000000000000000000006 /* GoosegrassTests.xctest */ = {isa = PBXFileReference; explicitFileType = wrapper.cfbundle; includeInIndex = 0; path = GoosegrassTests.xctest; sourceTree = BUILT_PRODUCTS_DIR; };
		C00000000000000000000007 /* DomainModelTests.swift */ = {isa = PBXFileReference; lastKnownFileType = sourcecode.swift; path = DomainModelTests.swift; sourceTree = "<group>"; };
		C00000000000000000000008 /* DomainEnums.swift */ = {isa = PBXFileReference; lastKnownFileType = sourcecode.swift; path = DomainEnums.swift; sourceTree = "<group>"; };
		C00000000000000000000009 /* DomainModels.swift */ = {isa = PBXFileReference; lastKnownFileType = sourcecode.swift; path = DomainModels.swift; sourceTree = "<group>"; };
		C0000000000000000000000A /* DomainRulesTests.swift */ = {isa = PBXFileReference; lastKnownFileType = sourcecode.swift; path = DomainRulesTests.swift; sourceTree = "<group>"; };
		C0000000000000000000000B /* PhoneNormalizer.swift */ = {isa = PBXFileReference; lastKnownFileType = sourcecode.swift; path = PhoneNormalizer.swift; sourceTree = "<group>"; };
		C0000000000000000000000C /* AppointmentValidator.swift */ = {isa = PBXFileReference; lastKnownFileType = sourcecode.swift; path = AppointmentValidator.swift; sourceTree = "<group>"; };
		C0000000000000000000000D /* CustomerRepository.swift */ = {isa = PBXFileReference; lastKnownFileType = sourcecode.swift; path = CustomerRepository.swift; sourceTree = "<group>"; };
		C0000000000000000000000E /* AppointmentRepository.swift */ = {isa = PBXFileReference; lastKnownFileType = sourcecode.swift; path = AppointmentRepository.swift; sourceTree = "<group>"; };
		C0000000000000000000000F /* CustomerService.swift */ = {isa = PBXFileReference; lastKnownFileType = sourcecode.swift; path = CustomerService.swift; sourceTree = "<group>"; };
		C00000000000000000000010 /* AppointmentService.swift */ = {isa = PBXFileReference; lastKnownFileType = sourcecode.swift; path = AppointmentService.swift; sourceTree = "<group>"; };
		C00000000000000000000011 /* PersistenceSchemaV1.swift */ = {isa = PBXFileReference; lastKnownFileType = sourcecode.swift; path = PersistenceSchemaV1.swift; sourceTree = "<group>"; };
		C00000000000000000000012 /* GoosegrassMigrationPlan.swift */ = {isa = PBXFileReference; lastKnownFileType = sourcecode.swift; path = GoosegrassMigrationPlan.swift; sourceTree = "<group>"; };
		C00000000000000000000013 /* PersistenceMapper.swift */ = {isa = PBXFileReference; lastKnownFileType = sourcecode.swift; path = PersistenceMapper.swift; sourceTree = "<group>"; };
		C00000000000000000000014 /* LocalCustomerRepository.swift */ = {isa = PBXFileReference; lastKnownFileType = sourcecode.swift; path = LocalCustomerRepository.swift; sourceTree = "<group>"; };
		C00000000000000000000015 /* LocalAppointmentRepository.swift */ = {isa = PBXFileReference; lastKnownFileType = sourcecode.swift; path = LocalAppointmentRepository.swift; sourceTree = "<group>"; };
		C00000000000000000000016 /* PersistenceController.swift */ = {isa = PBXFileReference; lastKnownFileType = sourcecode.swift; path = PersistenceController.swift; sourceTree = "<group>"; };
		C00000000000000000000017 /* PersistenceSchemaTests.swift */ = {isa = PBXFileReference; lastKnownFileType = sourcecode.swift; path = PersistenceSchemaTests.swift; sourceTree = "<group>"; };
		C00000000000000000000018 /* PersistenceRepositoryTests.swift */ = {isa = PBXFileReference; lastKnownFileType = sourcecode.swift; path = PersistenceRepositoryTests.swift; sourceTree = "<group>"; };
		C00000000000000000000019 /* PersistenceLifecycleTests.swift */ = {isa = PBXFileReference; lastKnownFileType = sourcecode.swift; path = PersistenceLifecycleTests.swift; sourceTree = "<group>"; };
		C0000000000000000000001A /* CustomerPresentation.swift */ = {isa = PBXFileReference; lastKnownFileType = sourcecode.swift; path = CustomerPresentation.swift; sourceTree = "<group>"; };
		C0000000000000000000001B /* CustomerEditorDraft.swift */ = {isa = PBXFileReference; lastKnownFileType = sourcecode.swift; path = CustomerEditorDraft.swift; sourceTree = "<group>"; };
		C0000000000000000000001C /* CustomerListViewModel.swift */ = {isa = PBXFileReference; lastKnownFileType = sourcecode.swift; path = CustomerListViewModel.swift; sourceTree = "<group>"; };
		C0000000000000000000001D /* CustomersView.swift */ = {isa = PBXFileReference; lastKnownFileType = sourcecode.swift; path = CustomersView.swift; sourceTree = "<group>"; };
		C0000000000000000000001E /* CustomerEditorView.swift */ = {isa = PBXFileReference; lastKnownFileType = sourcecode.swift; path = CustomerEditorView.swift; sourceTree = "<group>"; };
		C0000000000000000000001F /* CustomerDetailView.swift */ = {isa = PBXFileReference; lastKnownFileType = sourcecode.swift; path = CustomerDetailView.swift; sourceTree = "<group>"; };
		C00000000000000000000020 /* DuplicateCustomerView.swift */ = {isa = PBXFileReference; lastKnownFileType = sourcecode.swift; path = DuplicateCustomerView.swift; sourceTree = "<group>"; };
		C00000000000000000000021 /* EmptyStateView.swift */ = {isa = PBXFileReference; lastKnownFileType = sourcecode.swift; path = EmptyStateView.swift; sourceTree = "<group>"; };
		C00000000000000000000022 /* CustomerServiceTests.swift */ = {isa = PBXFileReference; lastKnownFileType = sourcecode.swift; path = CustomerServiceTests.swift; sourceTree = "<group>"; };
		C00000000000000000000023 /* CustomerListViewModelTests.swift */ = {isa = PBXFileReference; lastKnownFileType = sourcecode.swift; path = CustomerListViewModelTests.swift; sourceTree = "<group>"; };
		C00000000000000000000024 /* CustomerFeatureCompositionTests.swift */ = {isa = PBXFileReference; lastKnownFileType = sourcecode.swift; path = CustomerFeatureCompositionTests.swift; sourceTree = "<group>"; };
		C00000000000000000000025 /* CustomerAcceptanceTests.swift */ = {isa = PBXFileReference; lastKnownFileType = sourcecode.swift; path = CustomerAcceptanceTests.swift; sourceTree = "<group>"; };
		C00000000000000000000026 /* AppointmentLifecycle.swift */ = {isa = PBXFileReference; lastKnownFileType = sourcecode.swift; path = AppointmentLifecycle.swift; sourceTree = "<group>"; };
		C00000000000000000000027 /* AppointmentPresentation.swift */ = {isa = PBXFileReference; lastKnownFileType = sourcecode.swift; path = AppointmentPresentation.swift; sourceTree = "<group>"; };
		C00000000000000000000028 /* PersistenceSchemaV2.swift */ = {isa = PBXFileReference; lastKnownFileType = sourcecode.swift; path = PersistenceSchemaV2.swift; sourceTree = "<group>"; };
		C00000000000000000000029 /* AppointmentEditorDraft.swift */ = {isa = PBXFileReference; lastKnownFileType = sourcecode.swift; path = AppointmentEditorDraft.swift; sourceTree = "<group>"; };
		C0000000000000000000002A /* AppointmentListViewModel.swift */ = {isa = PBXFileReference; lastKnownFileType = sourcecode.swift; path = AppointmentListViewModel.swift; sourceTree = "<group>"; };
		C0000000000000000000002B /* AppointmentsView.swift */ = {isa = PBXFileReference; lastKnownFileType = sourcecode.swift; path = AppointmentsView.swift; sourceTree = "<group>"; };
		C0000000000000000000002C /* AppointmentEditorView.swift */ = {isa = PBXFileReference; lastKnownFileType = sourcecode.swift; path = AppointmentEditorView.swift; sourceTree = "<group>"; };
		C0000000000000000000002D /* AppointmentDetailView.swift */ = {isa = PBXFileReference; lastKnownFileType = sourcecode.swift; path = AppointmentDetailView.swift; sourceTree = "<group>"; };
		C0000000000000000000002E /* AppointmentLifecycleTests.swift */ = {isa = PBXFileReference; lastKnownFileType = sourcecode.swift; path = AppointmentLifecycleTests.swift; sourceTree = "<group>"; };
		C0000000000000000000002F /* AppointmentServiceLifecycleTests.swift */ = {isa = PBXFileReference; lastKnownFileType = sourcecode.swift; path = AppointmentServiceLifecycleTests.swift; sourceTree = "<group>"; };
		C00000000000000000000030 /* AppointmentRepositoryAggregateTests.swift */ = {isa = PBXFileReference; lastKnownFileType = sourcecode.swift; path = AppointmentRepositoryAggregateTests.swift; sourceTree = "<group>"; };
		C00000000000000000000031 /* AppointmentMigrationTests.swift */ = {isa = PBXFileReference; lastKnownFileType = sourcecode.swift; path = AppointmentMigrationTests.swift; sourceTree = "<group>"; };
		C00000000000000000000032 /* AppointmentListViewModelTests.swift */ = {isa = PBXFileReference; lastKnownFileType = sourcecode.swift; path = AppointmentListViewModelTests.swift; sourceTree = "<group>"; };
		C00000000000000000000033 /* AppointmentFeatureCompositionTests.swift */ = {isa = PBXFileReference; lastKnownFileType = sourcecode.swift; path = AppointmentFeatureCompositionTests.swift; sourceTree = "<group>"; };
		C00000000000000000000034 /* AppointmentAcceptanceTests.swift */ = {isa = PBXFileReference; lastKnownFileType = sourcecode.swift; path = AppointmentAcceptanceTests.swift; sourceTree = "<group>"; };
		C00000000000000000000035 /* TodayPresentation.swift */ = {isa = PBXFileReference; lastKnownFileType = sourcecode.swift; path = TodayPresentation.swift; sourceTree = "<group>"; };
		C00000000000000000000036 /* TodayService.swift */ = {isa = PBXFileReference; lastKnownFileType = sourcecode.swift; path = TodayService.swift; sourceTree = "<group>"; };
		C00000000000000000000037 /* TodayViewModel.swift */ = {isa = PBXFileReference; lastKnownFileType = sourcecode.swift; path = TodayViewModel.swift; sourceTree = "<group>"; };
		C00000000000000000000038 /* TodayView.swift */ = {isa = PBXFileReference; lastKnownFileType = sourcecode.swift; path = TodayView.swift; sourceTree = "<group>"; };
		C00000000000000000000039 /* TodaySummaryCard.swift */ = {isa = PBXFileReference; lastKnownFileType = sourcecode.swift; path = TodaySummaryCard.swift; sourceTree = "<group>"; };
		C0000000000000000000003A /* TodayAggregationTests.swift */ = {isa = PBXFileReference; lastKnownFileType = sourcecode.swift; path = TodayAggregationTests.swift; sourceTree = "<group>"; };
		C0000000000000000000003B /* TodayViewModelTests.swift */ = {isa = PBXFileReference; lastKnownFileType = sourcecode.swift; path = TodayViewModelTests.swift; sourceTree = "<group>"; };
		C0000000000000000000003C /* TodayFeatureCompositionTests.swift */ = {isa = PBXFileReference; lastKnownFileType = sourcecode.swift; path = TodayFeatureCompositionTests.swift; sourceTree = "<group>"; };
		C0000000000000000000003D /* TodayAcceptanceTests.swift */ = {isa = PBXFileReference; lastKnownFileType = sourcecode.swift; path = TodayAcceptanceTests.swift; sourceTree = "<group>"; };
		C0000000000000000000003E /* ReminderCalculator.swift */ = {isa = PBXFileReference; lastKnownFileType = sourcecode.swift; path = ReminderCalculator.swift; sourceTree = "<group>"; };
		C0000000000000000000003F /* NotificationPresentation.swift */ = {isa = PBXFileReference; lastKnownFileType = sourcecode.swift; path = NotificationPresentation.swift; sourceTree = "<group>"; };
		C00000000000000000000040 /* ReminderRepository.swift */ = {isa = PBXFileReference; lastKnownFileType = sourcecode.swift; path = ReminderRepository.swift; sourceTree = "<group>"; };
		C00000000000000000000041 /* ReminderService.swift */ = {isa = PBXFileReference; lastKnownFileType = sourcecode.swift; path = ReminderService.swift; sourceTree = "<group>"; };
		C00000000000000000000042 /* LocalReminderRepository.swift */ = {isa = PBXFileReference; lastKnownFileType = sourcecode.swift; path = LocalReminderRepository.swift; sourceTree = "<group>"; };
		C00000000000000000000043 /* UserNotificationCenterAdapter.swift */ = {isa = PBXFileReference; lastKnownFileType = sourcecode.swift; path = UserNotificationCenterAdapter.swift; sourceTree = "<group>"; };
		C00000000000000000000044 /* ReminderPreferencesStore.swift */ = {isa = PBXFileReference; lastKnownFileType = sourcecode.swift; path = ReminderPreferencesStore.swift; sourceTree = "<group>"; };
		C00000000000000000000045 /* NotificationSettingsViewModel.swift */ = {isa = PBXFileReference; lastKnownFileType = sourcecode.swift; path = NotificationSettingsViewModel.swift; sourceTree = "<group>"; };
		C00000000000000000000046 /* SettingsView.swift */ = {isa = PBXFileReference; lastKnownFileType = sourcecode.swift; path = SettingsView.swift; sourceTree = "<group>"; };
		C00000000000000000000047 /* ReminderCalculatorTests.swift */ = {isa = PBXFileReference; lastKnownFileType = sourcecode.swift; path = ReminderCalculatorTests.swift; sourceTree = "<group>"; };
		C00000000000000000000048 /* ReminderRepositoryTests.swift */ = {isa = PBXFileReference; lastKnownFileType = sourcecode.swift; path = ReminderRepositoryTests.swift; sourceTree = "<group>"; };
		C00000000000000000000049 /* LocalNotificationCenterContractTests.swift */ = {isa = PBXFileReference; lastKnownFileType = sourcecode.swift; path = LocalNotificationCenterContractTests.swift; sourceTree = "<group>"; };
		C0000000000000000000004A /* ReminderServiceTests.swift */ = {isa = PBXFileReference; lastKnownFileType = sourcecode.swift; path = ReminderServiceTests.swift; sourceTree = "<group>"; };
		C0000000000000000000004B /* AppointmentReminderIntegrationTests.swift */ = {isa = PBXFileReference; lastKnownFileType = sourcecode.swift; path = AppointmentReminderIntegrationTests.swift; sourceTree = "<group>"; };
		C0000000000000000000004C /* NotificationSettingsViewModelTests.swift */ = {isa = PBXFileReference; lastKnownFileType = sourcecode.swift; path = NotificationSettingsViewModelTests.swift; sourceTree = "<group>"; };
		C0000000000000000000004D /* NotificationFeatureCompositionTests.swift */ = {isa = PBXFileReference; lastKnownFileType = sourcecode.swift; path = NotificationFeatureCompositionTests.swift; sourceTree = "<group>"; };
		C0000000000000000000004E /* ReminderAcceptanceTests.swift */ = {isa = PBXFileReference; lastKnownFileType = sourcecode.swift; path = ReminderAcceptanceTests.swift; sourceTree = "<group>"; };
		C0000000000000000000004F /* FollowUpSchedule.swift */ = {isa = PBXFileReference; lastKnownFileType = sourcecode.swift; path = FollowUpSchedule.swift; sourceTree = "<group>"; };
		C00000000000000000000050 /* FollowUpLifecycle.swift */ = {isa = PBXFileReference; lastKnownFileType = sourcecode.swift; path = FollowUpLifecycle.swift; sourceTree = "<group>"; };
		C00000000000000000000051 /* FollowUpPresentation.swift */ = {isa = PBXFileReference; lastKnownFileType = sourcecode.swift; path = FollowUpPresentation.swift; sourceTree = "<group>"; };
		C00000000000000000000052 /* NoShowFollowUpRequest.swift */ = {isa = PBXFileReference; lastKnownFileType = sourcecode.swift; path = NoShowFollowUpRequest.swift; sourceTree = "<group>"; };
		C00000000000000000000053 /* FollowUpRepository.swift */ = {isa = PBXFileReference; lastKnownFileType = sourcecode.swift; path = FollowUpRepository.swift; sourceTree = "<group>"; };
		C00000000000000000000054 /* FollowUpService.swift */ = {isa = PBXFileReference; lastKnownFileType = sourcecode.swift; path = FollowUpService.swift; sourceTree = "<group>"; };
		C00000000000000000000055 /* LocalFollowUpRepository.swift */ = {isa = PBXFileReference; lastKnownFileType = sourcecode.swift; path = LocalFollowUpRepository.swift; sourceTree = "<group>"; };
		C00000000000000000000056 /* FollowUpEditorDraft.swift */ = {isa = PBXFileReference; lastKnownFileType = sourcecode.swift; path = FollowUpEditorDraft.swift; sourceTree = "<group>"; };
		C00000000000000000000057 /* FollowUpListViewModel.swift */ = {isa = PBXFileReference; lastKnownFileType = sourcecode.swift; path = FollowUpListViewModel.swift; sourceTree = "<group>"; };
		C00000000000000000000058 /* FollowUpEditorView.swift */ = {isa = PBXFileReference; lastKnownFileType = sourcecode.swift; path = FollowUpEditorView.swift; sourceTree = "<group>"; };
		C00000000000000000000059 /* FollowUpDetailView.swift */ = {isa = PBXFileReference; lastKnownFileType = sourcecode.swift; path = FollowUpDetailView.swift; sourceTree = "<group>"; };
		C0000000000000000000005A /* FollowUpView.swift */ = {isa = PBXFileReference; lastKnownFileType = sourcecode.swift; path = FollowUpView.swift; sourceTree = "<group>"; };
		C0000000000000000000005B /* FollowUpScheduleTests.swift */ = {isa = PBXFileReference; lastKnownFileType = sourcecode.swift; path = FollowUpScheduleTests.swift; sourceTree = "<group>"; };
		C0000000000000000000005C /* FollowUpRepositoryTests.swift */ = {isa = PBXFileReference; lastKnownFileType = sourcecode.swift; path = FollowUpRepositoryTests.swift; sourceTree = "<group>"; };
		C0000000000000000000005D /* FollowUpServiceTests.swift */ = {isa = PBXFileReference; lastKnownFileType = sourcecode.swift; path = FollowUpServiceTests.swift; sourceTree = "<group>"; };
		C0000000000000000000005E /* FollowUpViewModelTests.swift */ = {isa = PBXFileReference; lastKnownFileType = sourcecode.swift; path = FollowUpViewModelTests.swift; sourceTree = "<group>"; };
		C0000000000000000000005F /* FollowUpFeatureCompositionTests.swift */ = {isa = PBXFileReference; lastKnownFileType = sourcecode.swift; path = FollowUpFeatureCompositionTests.swift; sourceTree = "<group>"; };
		C00000000000000000000060 /* FollowUpAcceptanceTests.swift */ = {isa = PBXFileReference; lastKnownFileType = sourcecode.swift; path = FollowUpAcceptanceTests.swift; sourceTree = "<group>"; };
/* End PBXFileReference section */

/* Begin PBXFrameworksBuildPhase section */
		F00000000000000000000001 /* Frameworks */ = {
			isa = PBXFrameworksBuildPhase;
			buildActionMask = 2147483647;
			files = (
			);
			runOnlyForDeploymentPostprocessing = 0;
		};
		F00000000000000000000002 /* Frameworks */ = {
			isa = PBXFrameworksBuildPhase;
			buildActionMask = 2147483647;
			files = (
			);
			runOnlyForDeploymentPostprocessing = 0;
		};
/* End PBXFrameworksBuildPhase section */

/* Begin PBXGroup section */
		100000000000000000000001 = {
			isa = PBXGroup;
			children = (
				100000000000000000000002 /* Goosegrass */,
				100000000000000000000007 /* GoosegrassTests */,
				100000000000000000000008 /* Products */,
			);
			sourceTree = "<group>";
		};
		100000000000000000000002 /* Goosegrass */ = {
			isa = PBXGroup;
			children = (
				100000000000000000000003 /* App */,
				100000000000000000000005 /* Domain */,
				10000000000000000000000C /* Application */,
				10000000000000000000000F /* Infrastructure */,
				100000000000000000000012 /* Features */,
				100000000000000000000014 /* Shared */,
				C00000000000000000000003 /* Assets.xcassets */,
				100000000000000000000004 /* Preview Content */,
			);
			path = Goosegrass;
			sourceTree = "<group>";
		};
		100000000000000000000003 /* App */ = {
			isa = PBXGroup;
			children = (
				C00000000000000000000001 /* GoosegrassApp.swift */,
				C00000000000000000000002 /* ContentView.swift */,
			);
			path = App;
			sourceTree = "<group>";
		};
		100000000000000000000004 /* Preview Content */ = {
			isa = PBXGroup;
			children = (
				C00000000000000000000004 /* Preview Assets.xcassets */,
			);
			path = "Preview Content";
			sourceTree = "<group>";
		};
		100000000000000000000005 /* Domain */ = {
			isa = PBXGroup;
			children = (
				100000000000000000000009 /* Enums */,
				10000000000000000000000A /* Models */,
				10000000000000000000000B /* Rules */,
			);
			path = Domain;
			sourceTree = "<group>";
		};
		100000000000000000000009 /* Enums */ = {
			isa = PBXGroup;
			children = (
				C00000000000000000000008 /* DomainEnums.swift */,
			);
			path = Enums;
			sourceTree = "<group>";
		};
		10000000000000000000000A /* Models */ = {
			isa = PBXGroup;
			children = (
				C00000000000000000000009 /* DomainModels.swift */,
			);
			path = Models;
			sourceTree = "<group>";
		};
		10000000000000000000000B /* Rules */ = {
			isa = PBXGroup;
			children = (
				C0000000000000000000000B /* PhoneNormalizer.swift */,
				C0000000000000000000000C /* AppointmentValidator.swift */,
				C00000000000000000000026 /* AppointmentLifecycle.swift */,
				C0000000000000000000003E /* ReminderCalculator.swift */,
				C0000000000000000000004F /* FollowUpSchedule.swift */,
				C00000000000000000000050 /* FollowUpLifecycle.swift */,
			);
			path = Rules;
			sourceTree = "<group>";
		};
		10000000000000000000000C /* Application */ = {
			isa = PBXGroup;
			children = (
				100000000000000000000011 /* DTO */,
				10000000000000000000000D /* Repositories */,
				10000000000000000000000E /* Services */,
			);
			path = Application;
			sourceTree = "<group>";
		};
		100000000000000000000011 /* DTO */ = {
			isa = PBXGroup;
			children = (
				C0000000000000000000001A /* CustomerPresentation.swift */,
				C00000000000000000000027 /* AppointmentPresentation.swift */,
				C00000000000000000000035 /* TodayPresentation.swift */,
				C0000000000000000000003F /* NotificationPresentation.swift */,
				C00000000000000000000051 /* FollowUpPresentation.swift */,
				C00000000000000000000052 /* NoShowFollowUpRequest.swift */,
			);
			path = DTO;
			sourceTree = "<group>";
		};
		100000000000000000000012 /* Features */ = {
			isa = PBXGroup;
			children = (
				100000000000000000000013 /* Customers */,
				100000000000000000000016 /* Appointments */,
				100000000000000000000017 /* Today */,
				10000000000000000000001A /* Settings */,
				10000000000000000000001B /* FollowUp */,
			);
			path = Features;
			sourceTree = "<group>";
		};
		100000000000000000000013 /* Customers */ = {
			isa = PBXGroup;
			children = (
				C0000000000000000000001B /* CustomerEditorDraft.swift */,
				C0000000000000000000001C /* CustomerListViewModel.swift */,
				C0000000000000000000001D /* CustomersView.swift */,
				C0000000000000000000001E /* CustomerEditorView.swift */,
				C0000000000000000000001F /* CustomerDetailView.swift */,
				C00000000000000000000020 /* DuplicateCustomerView.swift */,
			);
			path = Customers;
			sourceTree = "<group>";
		};
		100000000000000000000016 /* Appointments */ = {
			isa = PBXGroup;
			children = (
				C00000000000000000000029 /* AppointmentEditorDraft.swift */,
				C0000000000000000000002A /* AppointmentListViewModel.swift */,
				C0000000000000000000002B /* AppointmentsView.swift */,
				C0000000000000000000002C /* AppointmentEditorView.swift */,
				C0000000000000000000002D /* AppointmentDetailView.swift */,
			);
			path = Appointments;
			sourceTree = "<group>";
		};
		100000000000000000000017 /* Today */ = {
			isa = PBXGroup;
			children = (
				C00000000000000000000037 /* TodayViewModel.swift */,
				C00000000000000000000038 /* TodayView.swift */,
				C00000000000000000000039 /* TodaySummaryCard.swift */,
			);
			path = Today;
			sourceTree = "<group>";
		};
		10000000000000000000001A /* Settings */ = {
			isa = PBXGroup;
			children = (
				C00000000000000000000045 /* NotificationSettingsViewModel.swift */,
				C00000000000000000000046 /* SettingsView.swift */,
			);
			path = Settings;
			sourceTree = "<group>";
		};
		10000000000000000000001B /* FollowUp */ = {
			isa = PBXGroup;
			children = (
				C00000000000000000000056 /* FollowUpEditorDraft.swift */,
				C00000000000000000000057 /* FollowUpListViewModel.swift */,
				C00000000000000000000058 /* FollowUpEditorView.swift */,
				C00000000000000000000059 /* FollowUpDetailView.swift */,
				C0000000000000000000005A /* FollowUpView.swift */,
			);
			path = FollowUp;
			sourceTree = "<group>";
		};
		100000000000000000000014 /* Shared */ = {
			isa = PBXGroup;
			children = (
				100000000000000000000015 /* Components */,
			);
			path = Shared;
			sourceTree = "<group>";
		};
		100000000000000000000015 /* Components */ = {
			isa = PBXGroup;
			children = (
				C00000000000000000000021 /* EmptyStateView.swift */,
			);
			path = Components;
			sourceTree = "<group>";
		};
		10000000000000000000000D /* Repositories */ = {
			isa = PBXGroup;
			children = (
				C0000000000000000000000D /* CustomerRepository.swift */,
				C0000000000000000000000E /* AppointmentRepository.swift */,
				C00000000000000000000040 /* ReminderRepository.swift */,
				C00000000000000000000053 /* FollowUpRepository.swift */,
			);
			path = Repositories;
			sourceTree = "<group>";
		};
		10000000000000000000000E /* Services */ = {
			isa = PBXGroup;
			children = (
				C0000000000000000000000F /* CustomerService.swift */,
				C00000000000000000000010 /* AppointmentService.swift */,
				C00000000000000000000036 /* TodayService.swift */,
				C00000000000000000000041 /* ReminderService.swift */,
				C00000000000000000000054 /* FollowUpService.swift */,
			);
			path = Services;
			sourceTree = "<group>";
		};
		10000000000000000000000F /* Infrastructure */ = {
			isa = PBXGroup;
			children = (
				100000000000000000000010 /* Persistence */,
				100000000000000000000018 /* Notifications */,
				100000000000000000000019 /* Preferences */,
			);
			path = Infrastructure;
			sourceTree = "<group>";
		};
		100000000000000000000010 /* Persistence */ = {
			isa = PBXGroup;
			children = (
				C00000000000000000000011 /* PersistenceSchemaV1.swift */,
				C00000000000000000000028 /* PersistenceSchemaV2.swift */,
				C00000000000000000000012 /* GoosegrassMigrationPlan.swift */,
				C00000000000000000000013 /* PersistenceMapper.swift */,
				C00000000000000000000014 /* LocalCustomerRepository.swift */,
				C00000000000000000000015 /* LocalAppointmentRepository.swift */,
				C00000000000000000000016 /* PersistenceController.swift */,
				C00000000000000000000042 /* LocalReminderRepository.swift */,
				C00000000000000000000055 /* LocalFollowUpRepository.swift */,
			);
			path = Persistence;
			sourceTree = "<group>";
		};
		100000000000000000000018 /* Notifications */ = {
			isa = PBXGroup;
			children = (
				C00000000000000000000043 /* UserNotificationCenterAdapter.swift */,
			);
			path = Notifications;
			sourceTree = "<group>";
		};
		100000000000000000000019 /* Preferences */ = {
			isa = PBXGroup;
			children = (
				C00000000000000000000044 /* ReminderPreferencesStore.swift */,
			);
			path = Preferences;
			sourceTree = "<group>";
		};
		100000000000000000000007 /* GoosegrassTests */ = {
			isa = PBXGroup;
			children = (
				C00000000000000000000007 /* DomainModelTests.swift */,
				C0000000000000000000000A /* DomainRulesTests.swift */,
				C00000000000000000000017 /* PersistenceSchemaTests.swift */,
				C00000000000000000000018 /* PersistenceRepositoryTests.swift */,
				C00000000000000000000019 /* PersistenceLifecycleTests.swift */,
				C00000000000000000000022 /* CustomerServiceTests.swift */,
				C00000000000000000000023 /* CustomerListViewModelTests.swift */,
				C00000000000000000000024 /* CustomerFeatureCompositionTests.swift */,
				C00000000000000000000025 /* CustomerAcceptanceTests.swift */,
				C0000000000000000000002E /* AppointmentLifecycleTests.swift */,
				C0000000000000000000002F /* AppointmentServiceLifecycleTests.swift */,
				C00000000000000000000030 /* AppointmentRepositoryAggregateTests.swift */,
				C00000000000000000000031 /* AppointmentMigrationTests.swift */,
				C00000000000000000000032 /* AppointmentListViewModelTests.swift */,
				C00000000000000000000033 /* AppointmentFeatureCompositionTests.swift */,
				C00000000000000000000034 /* AppointmentAcceptanceTests.swift */,
				C0000000000000000000003A /* TodayAggregationTests.swift */,
				C0000000000000000000003B /* TodayViewModelTests.swift */,
				C0000000000000000000003C /* TodayFeatureCompositionTests.swift */,
				C0000000000000000000003D /* TodayAcceptanceTests.swift */,
				C00000000000000000000047 /* ReminderCalculatorTests.swift */,
				C00000000000000000000048 /* ReminderRepositoryTests.swift */,
				C00000000000000000000049 /* LocalNotificationCenterContractTests.swift */,
				C0000000000000000000004A /* ReminderServiceTests.swift */,
				C0000000000000000000004B /* AppointmentReminderIntegrationTests.swift */,
				C0000000000000000000004C /* NotificationSettingsViewModelTests.swift */,
				C0000000000000000000004D /* NotificationFeatureCompositionTests.swift */,
				C0000000000000000000004E /* ReminderAcceptanceTests.swift */,
				C0000000000000000000005B /* FollowUpScheduleTests.swift */,
				C0000000000000000000005C /* FollowUpRepositoryTests.swift */,
				C0000000000000000000005D /* FollowUpServiceTests.swift */,
				C0000000000000000000005E /* FollowUpViewModelTests.swift */,
				C0000000000000000000005F /* FollowUpFeatureCompositionTests.swift */,
				C00000000000000000000060 /* FollowUpAcceptanceTests.swift */,
			);
			path = GoosegrassTests;
			sourceTree = "<group>";
		};
		100000000000000000000008 /* Products */ = {
			isa = PBXGroup;
			children = (
				C00000000000000000000005 /* Goosegrass.app */,
				C00000000000000000000006 /* GoosegrassTests.xctest */,
			);
			name = Products;
			sourceTree = "<group>";
		};
/* End PBXGroup section */

/* Begin PBXNativeTarget section */
		A00000000000000000000001 /* Goosegrass */ = {
			isa = PBXNativeTarget;
			buildConfigurationList = 200000000000000000000002 /* Build configuration list for PBXNativeTarget "Goosegrass" */;
			buildPhases = (
				300000000000000000000001 /* Sources */,
				F00000000000000000000001 /* Frameworks */,
				400000000000000000000001 /* Resources */,
			);
			buildRules = (
			);
			dependencies = (
			);
			name = Goosegrass;
			productName = Goosegrass;
			productReference = C00000000000000000000005 /* Goosegrass.app */;
			productType = "com.apple.product-type.application";
		};
		A00000000000000000000002 /* GoosegrassTests */ = {
			isa = PBXNativeTarget;
			buildConfigurationList = 200000000000000000000003 /* Build configuration list for PBXNativeTarget "GoosegrassTests" */;
			buildPhases = (
				300000000000000000000002 /* Sources */,
				F00000000000000000000002 /* Frameworks */,
				400000000000000000000002 /* Resources */,
			);
			buildRules = (
			);
			dependencies = (
				500000000000000000000001 /* PBXTargetDependency */,
			);
			name = GoosegrassTests;
			productName = GoosegrassTests;
			productReference = C00000000000000000000006 /* GoosegrassTests.xctest */;
			productType = "com.apple.product-type.bundle.unit-test";
		};
/* End PBXNativeTarget section */

/* Begin PBXProject section */
		E00000000000000000000001 /* Project object */ = {
			isa = PBXProject;
			attributes = {
				BuildIndependentTargetsInParallel = 1;
				LastSwiftUpdateCheck = 1600;
				LastUpgradeCheck = 1600;
				TargetAttributes = {
					A00000000000000000000001 = {
						CreatedOnToolsVersion = 16.0;
					};
					A00000000000000000000002 = {
						CreatedOnToolsVersion = 16.0;
						TestTargetID = A00000000000000000000001;
					};
				};
			};
			buildConfigurationList = 200000000000000000000001 /* Build configuration list for PBXProject "Goosegrass" */;
			compatibilityVersion = "Xcode 14.0";
			developmentRegion = en;
			hasScannedForEncodings = 0;
			knownRegions = (
				en,
				Base,
			);
			mainGroup = 100000000000000000000001;
			productRefGroup = 100000000000000000000008 /* Products */;
			projectDirPath = "";
			projectRoot = "";
			targets = (
				A00000000000000000000001 /* Goosegrass */,
				A00000000000000000000002 /* GoosegrassTests */,
			);
		};
/* End PBXProject section */

/* Begin PBXResourcesBuildPhase section */
		400000000000000000000001 /* Resources */ = {
			isa = PBXResourcesBuildPhase;
			buildActionMask = 2147483647;
			files = (
				B00000000000000000000003 /* Assets.xcassets in Resources */,
				B00000000000000000000004 /* Preview Assets.xcassets in Resources */,
			);
			runOnlyForDeploymentPostprocessing = 0;
		};
		400000000000000000000002 /* Resources */ = {
			isa = PBXResourcesBuildPhase;
			buildActionMask = 2147483647;
			files = (
			);
			runOnlyForDeploymentPostprocessing = 0;
		};
/* End PBXResourcesBuildPhase section */

/* Begin PBXSourcesBuildPhase section */
		300000000000000000000001 /* Sources */ = {
			isa = PBXSourcesBuildPhase;
			buildActionMask = 2147483647;
			files = (
				B00000000000000000000001 /* GoosegrassApp.swift in Sources */,
				B00000000000000000000002 /* ContentView.swift in Sources */,
				B00000000000000000000006 /* DomainEnums.swift in Sources */,
				B00000000000000000000007 /* DomainModels.swift in Sources */,
				B00000000000000000000009 /* PhoneNormalizer.swift in Sources */,
				B0000000000000000000000A /* AppointmentValidator.swift in Sources */,
				B0000000000000000000000B /* CustomerRepository.swift in Sources */,
				B0000000000000000000000C /* AppointmentRepository.swift in Sources */,
				B0000000000000000000000D /* CustomerService.swift in Sources */,
				B0000000000000000000000E /* AppointmentService.swift in Sources */,
				B0000000000000000000000F /* PersistenceSchemaV1.swift in Sources */,
				B00000000000000000000010 /* GoosegrassMigrationPlan.swift in Sources */,
				B00000000000000000000011 /* PersistenceMapper.swift in Sources */,
				B00000000000000000000012 /* LocalCustomerRepository.swift in Sources */,
				B00000000000000000000013 /* LocalAppointmentRepository.swift in Sources */,
				B00000000000000000000014 /* PersistenceController.swift in Sources */,
				B00000000000000000000018 /* CustomerPresentation.swift in Sources */,
				B00000000000000000000019 /* CustomerEditorDraft.swift in Sources */,
				B0000000000000000000001A /* CustomerListViewModel.swift in Sources */,
				B0000000000000000000001B /* CustomersView.swift in Sources */,
				B0000000000000000000001C /* CustomerEditorView.swift in Sources */,
				B0000000000000000000001D /* CustomerDetailView.swift in Sources */,
				B0000000000000000000001E /* DuplicateCustomerView.swift in Sources */,
				B0000000000000000000001F /* EmptyStateView.swift in Sources */,
				B00000000000000000000024 /* AppointmentLifecycle.swift in Sources */,
				B00000000000000000000025 /* AppointmentPresentation.swift in Sources */,
				B00000000000000000000026 /* PersistenceSchemaV2.swift in Sources */,
				B00000000000000000000027 /* AppointmentEditorDraft.swift in Sources */,
				B00000000000000000000028 /* AppointmentListViewModel.swift in Sources */,
				B00000000000000000000029 /* AppointmentsView.swift in Sources */,
				B0000000000000000000002A /* AppointmentEditorView.swift in Sources */,
				B0000000000000000000002B /* AppointmentDetailView.swift in Sources */,
				B00000000000000000000033 /* TodayPresentation.swift in Sources */,
				B00000000000000000000034 /* TodayService.swift in Sources */,
				B00000000000000000000035 /* TodayViewModel.swift in Sources */,
				B00000000000000000000036 /* TodayView.swift in Sources */,
				B00000000000000000000037 /* TodaySummaryCard.swift in Sources */,
				B0000000000000000000003C /* ReminderCalculator.swift in Sources */,
				B0000000000000000000003D /* NotificationPresentation.swift in Sources */,
				B0000000000000000000003E /* ReminderRepository.swift in Sources */,
				B0000000000000000000003F /* ReminderService.swift in Sources */,
				B00000000000000000000040 /* LocalReminderRepository.swift in Sources */,
				B00000000000000000000041 /* UserNotificationCenterAdapter.swift in Sources */,
				B00000000000000000000042 /* ReminderPreferencesStore.swift in Sources */,
				B00000000000000000000043 /* NotificationSettingsViewModel.swift in Sources */,
				B00000000000000000000044 /* SettingsView.swift in Sources */,
				B0000000000000000000004D /* FollowUpSchedule.swift in Sources */,
				B0000000000000000000004E /* FollowUpLifecycle.swift in Sources */,
				B0000000000000000000004F /* FollowUpPresentation.swift in Sources */,
				B00000000000000000000050 /* NoShowFollowUpRequest.swift in Sources */,
				B00000000000000000000051 /* FollowUpRepository.swift in Sources */,
				B00000000000000000000052 /* FollowUpService.swift in Sources */,
				B00000000000000000000053 /* LocalFollowUpRepository.swift in Sources */,
				B00000000000000000000054 /* FollowUpEditorDraft.swift in Sources */,
				B00000000000000000000055 /* FollowUpListViewModel.swift in Sources */,
				B00000000000000000000056 /* FollowUpEditorView.swift in Sources */,
				B00000000000000000000057 /* FollowUpDetailView.swift in Sources */,
				B00000000000000000000058 /* FollowUpView.swift in Sources */,
			);
			runOnlyForDeploymentPostprocessing = 0;
		};
		300000000000000000000002 /* Sources */ = {
			isa = PBXSourcesBuildPhase;
			buildActionMask = 2147483647;
			files = (
				B00000000000000000000005 /* DomainModelTests.swift in Sources */,
				B00000000000000000000008 /* DomainRulesTests.swift in Sources */,
				B00000000000000000000015 /* PersistenceSchemaTests.swift in Sources */,
				B00000000000000000000016 /* PersistenceRepositoryTests.swift in Sources */,
				B00000000000000000000017 /* PersistenceLifecycleTests.swift in Sources */,
				B00000000000000000000020 /* CustomerServiceTests.swift in Sources */,
				B00000000000000000000021 /* CustomerListViewModelTests.swift in Sources */,
				B00000000000000000000022 /* CustomerFeatureCompositionTests.swift in Sources */,
				B00000000000000000000023 /* CustomerAcceptanceTests.swift in Sources */,
				B0000000000000000000002C /* AppointmentLifecycleTests.swift in Sources */,
				B0000000000000000000002D /* AppointmentServiceLifecycleTests.swift in Sources */,
				B0000000000000000000002E /* AppointmentRepositoryAggregateTests.swift in Sources */,
				B0000000000000000000002F /* AppointmentMigrationTests.swift in Sources */,
				B00000000000000000000030 /* AppointmentListViewModelTests.swift in Sources */,
				B00000000000000000000031 /* AppointmentFeatureCompositionTests.swift in Sources */,
				B00000000000000000000032 /* AppointmentAcceptanceTests.swift in Sources */,
				B00000000000000000000038 /* TodayAggregationTests.swift in Sources */,
				B00000000000000000000039 /* TodayViewModelTests.swift in Sources */,
				B0000000000000000000003A /* TodayFeatureCompositionTests.swift in Sources */,
				B0000000000000000000003B /* TodayAcceptanceTests.swift in Sources */,
				B00000000000000000000045 /* ReminderCalculatorTests.swift in Sources */,
				B00000000000000000000046 /* ReminderRepositoryTests.swift in Sources */,
				B00000000000000000000047 /* LocalNotificationCenterContractTests.swift in Sources */,
				B00000000000000000000048 /* ReminderServiceTests.swift in Sources */,
				B00000000000000000000049 /* AppointmentReminderIntegrationTests.swift in Sources */,
				B0000000000000000000004A /* NotificationSettingsViewModelTests.swift in Sources */,
				B0000000000000000000004B /* NotificationFeatureCompositionTests.swift in Sources */,
				B0000000000000000000004C /* ReminderAcceptanceTests.swift in Sources */,
				B00000000000000000000059 /* FollowUpScheduleTests.swift in Sources */,
				B0000000000000000000005A /* FollowUpRepositoryTests.swift in Sources */,
				B0000000000000000000005B /* FollowUpServiceTests.swift in Sources */,
				B0000000000000000000005C /* FollowUpViewModelTests.swift in Sources */,
				B0000000000000000000005D /* FollowUpFeatureCompositionTests.swift in Sources */,
				B0000000000000000000005E /* FollowUpAcceptanceTests.swift in Sources */,
			);
			runOnlyForDeploymentPostprocessing = 0;
		};
/* End PBXSourcesBuildPhase section */

/* Begin PBXTargetDependency section */
		500000000000000000000001 /* PBXTargetDependency */ = {
			isa = PBXTargetDependency;
			target = A00000000000000000000001 /* Goosegrass */;
			targetProxy = D00000000000000000000001 /* PBXContainerItemProxy */;
		};
/* End PBXTargetDependency section */

/* Begin XCBuildConfiguration section */
		600000000000000000000001 /* Debug */ = {
			isa = XCBuildConfiguration;
			buildSettings = {
				ALWAYS_SEARCH_USER_PATHS = NO;
				CLANG_ENABLE_MODULES = YES;
				CLANG_ENABLE_OBJC_ARC = YES;
				COPY_PHASE_STRIP = NO;
				DEBUG_INFORMATION_FORMAT = dwarf;
				ENABLE_TESTABILITY = YES;
				ENABLE_STRICT_OBJC_MSGSEND = YES;
				GCC_C_LANGUAGE_STANDARD = gnu17;
				GCC_OPTIMIZATION_LEVEL = 0;
				MACOSX_DEPLOYMENT_TARGET = 14.0;
				ONLY_ACTIVE_ARCH = YES;
				SDKROOT = macosx;
				SWIFT_ACTIVE_COMPILATION_CONDITIONS = "DEBUG $(inherited)";
				SWIFT_OPTIMIZATION_LEVEL = "-Onone";
			};
			name = Debug;
		};
		600000000000000000000002 /* Release */ = {
			isa = XCBuildConfiguration;
			buildSettings = {
				ALWAYS_SEARCH_USER_PATHS = NO;
				CLANG_ENABLE_MODULES = YES;
				CLANG_ENABLE_OBJC_ARC = YES;
				COPY_PHASE_STRIP = NO;
				DEBUG_INFORMATION_FORMAT = "dwarf-with-dsym";
				ENABLE_NS_ASSERTIONS = NO;
				ENABLE_STRICT_OBJC_MSGSEND = YES;
				GCC_C_LANGUAGE_STANDARD = gnu17;
				MACOSX_DEPLOYMENT_TARGET = 14.0;
				SDKROOT = macosx;
				SWIFT_COMPILATION_MODE = wholemodule;
			};
			name = Release;
		};
		600000000000000000000003 /* Debug */ = {
			isa = XCBuildConfiguration;
			buildSettings = {
				CODE_SIGN_STYLE = Automatic;
				CURRENT_PROJECT_VERSION = 1;
				ENABLE_HARDENED_RUNTIME = YES;
				ENABLE_PREVIEWS = YES;
				GENERATE_INFOPLIST_FILE = YES;
				INFOPLIST_KEY_CFBundleDisplayName = Goosegrass;
				INFOPLIST_KEY_LSApplicationCategoryType = "public.app-category.business";
				LD_RUNPATH_SEARCH_PATHS = (
					"$(inherited)",
					"@executable_path/../Frameworks",
				);
				MARKETING_VERSION = 0.1.0;
				PRODUCT_BUNDLE_IDENTIFIER = com.gravityedge.goosegrass;
				PRODUCT_NAME = "$(TARGET_NAME)";
				SWIFT_EMIT_LOC_STRINGS = YES;
				SWIFT_VERSION = 5.0;
			};
			name = Debug;
		};
		600000000000000000000004 /* Release */ = {
			isa = XCBuildConfiguration;
			buildSettings = {
				CODE_SIGN_STYLE = Automatic;
				CURRENT_PROJECT_VERSION = 1;
				ENABLE_HARDENED_RUNTIME = YES;
				GENERATE_INFOPLIST_FILE = YES;
				INFOPLIST_KEY_CFBundleDisplayName = Goosegrass;
				INFOPLIST_KEY_LSApplicationCategoryType = "public.app-category.business";
				LD_RUNPATH_SEARCH_PATHS = (
					"$(inherited)",
					"@executable_path/../Frameworks",
				);
				MARKETING_VERSION = 0.1.0;
				PRODUCT_BUNDLE_IDENTIFIER = com.gravityedge.goosegrass;
				PRODUCT_NAME = "$(TARGET_NAME)";
				SWIFT_EMIT_LOC_STRINGS = YES;
				SWIFT_VERSION = 5.0;
			};
			name = Release;
		};
		600000000000000000000005 /* Debug */ = {
			isa = XCBuildConfiguration;
			buildSettings = {
				BUNDLE_LOADER = "$(TEST_HOST)";
				CODE_SIGN_STYLE = Automatic;
				GENERATE_INFOPLIST_FILE = YES;
				LD_RUNPATH_SEARCH_PATHS = (
					"$(inherited)",
					"@executable_path/../Frameworks",
					"@loader_path/../Frameworks",
				);
				PRODUCT_BUNDLE_IDENTIFIER = com.gravityedge.goosegrassTests;
				PRODUCT_NAME = "$(TARGET_NAME)";
				SWIFT_VERSION = 5.0;
				TEST_HOST = "$(BUILT_PRODUCTS_DIR)/Goosegrass.app/Contents/MacOS/Goosegrass";
			};
			name = Debug;
		};
		600000000000000000000006 /* Release */ = {
			isa = XCBuildConfiguration;
			buildSettings = {
				BUNDLE_LOADER = "$(TEST_HOST)";
				CODE_SIGN_STYLE = Automatic;
				GENERATE_INFOPLIST_FILE = YES;
				LD_RUNPATH_SEARCH_PATHS = (
					"$(inherited)",
					"@executable_path/../Frameworks",
					"@loader_path/../Frameworks",
				);
				PRODUCT_BUNDLE_IDENTIFIER = com.gravityedge.goosegrassTests;
				PRODUCT_NAME = "$(TARGET_NAME)";
				SWIFT_VERSION = 5.0;
				TEST_HOST = "$(BUILT_PRODUCTS_DIR)/Goosegrass.app/Contents/MacOS/Goosegrass";
			};
			name = Release;
		};
/* End XCBuildConfiguration section */

/* Begin XCConfigurationList section */
		200000000000000000000001 /* Build configuration list for PBXProject "Goosegrass" */ = {
			isa = XCConfigurationList;
			buildConfigurations = (
				600000000000000000000001 /* Debug */,
				600000000000000000000002 /* Release */,
			);
			defaultConfigurationIsVisible = 0;
			defaultConfigurationName = Release;
		};
		200000000000000000000002 /* Build configuration list for PBXNativeTarget "Goosegrass" */ = {
			isa = XCConfigurationList;
			buildConfigurations = (
				600000000000000000000003 /* Debug */,
				600000000000000000000004 /* Release */,
			);
			defaultConfigurationIsVisible = 0;
			defaultConfigurationName = Release;
		};
		200000000000000000000003 /* Build configuration list for PBXNativeTarget "GoosegrassTests" */ = {
			isa = XCConfigurationList;
			buildConfigurations = (
				600000000000000000000005 /* Debug */,
				600000000000000000000006 /* Release */,
			);
			defaultConfigurationIsVisible = 0;
			defaultConfigurationName = Release;
		};
/* End XCConfigurationList section */
	};
	rootObject = E00000000000000000000001 /* Project object */;
}
